
Microsoft Visual Studio Solution File, Format Version 12.00
# Visual Studio Version 16
VisualStudioVersion = 16.0.32413.511
MinimumVisualStudioVersion = 10.0.40219.1
Project("{FAE04EC0-301F-11D3-BF4B-00C04F79EFBC}") = "RevitAPIPanel", "RevitAPIPanel\RevitAPIPanel.csproj", "{1BB08543-9B0E-4598-8629-7454170A377E}"
EndProject
Global
	GlobalSection(SolutionConfigurationPlatforms) = preSolution
		Debug|Any CPU = Debug|Any CPU
		Release|Any CPU = Release|Any CPU
	EndGlobalSection
	GlobalSection(ProjectConfigurationPlatforms) = postSolution
		{1BB08543-9B0E-4598-8629-7454170A377E}.Debug|Any CPU.ActiveCfg = Debug|Any CPU
		{1BB08543-9B0E-4598-8629-7454170A377E}.Debug|Any CPU.Build.0 = Debug|Any CPU
		{1BB08543-9B0E-4598-8629-7454170A377E}.Release|Any CPU.ActiveCfg = Release|Any CPU
		{1BB08543-9B0E-4598-8629-7454170A377E}.Release|Any CPU.Build.0 = Release|Any CPU
	EndGlobalSection
	GlobalSection(SolutionProperties) = preSolution
		HideSolutionNode = FALSE
	EndGlobalSection
	GlobalSection(ExtensibilityGlobals) = postSolution
		SolutionGuid = {21A48F42-CEEC-4E04-9BB1-CA1BA0E437C8}
	EndGlobalSection
EndGlobal
